
Microsoft Visual Studio Solution File, Format Version 12.00
# Visual Studio Version 17
VisualStudioVersion = 17.10.35027.167
MinimumVisualStudioVersion = 10.0.40219.1
Project("{FAE04EC0-301F-11D3-BF4B-00C04F79EFBC}") = "WebApplication1", "WebApplication1.csproj", "{B34AA644-AC02-4C21-AC41-9BD9A729BE7D}"
EndProject
Global
	GlobalSection(SolutionConfigurationPlatforms) = preSolution
		Debug|Any CPU = Debug|Any CPU
		Release|Any CPU = Release|Any CPU
	EndGlobalSection
	GlobalSection(ProjectConfigurationPlatforms) = postSolution
		{B34AA644-AC02-4C21-AC41-9BD9A729BE7D}.Debug|Any CPU.ActiveCfg = Debug|Any CPU
		{B34AA644-AC02-4C21-AC41-9BD9A729BE7D}.Debug|Any CPU.Build.0 = Debug|Any CPU
		{B34AA644-AC02-4C21-AC41-9BD9A729BE7D}.Release|Any CPU.ActiveCfg = Release|Any CPU
		{B34AA644-AC02-4C21-AC41-9BD9A729BE7D}.Release|Any CPU.Build.0 = Release|Any CPU
	EndGlobalSection
	GlobalSection(SolutionProperties) = preSolution
		HideSolutionNode = FALSE
	EndGlobalSection
	GlobalSection(ExtensibilityGlobals) = postSolution
		SolutionGuid = {5F9FE34E-3887-4427-A115-3E5E994FCB40}
	EndGlobalSection
EndGlobal
